
Microsoft Visual Studio Solution File, Format Version 12.00
# Visual Studio Version 16
VisualStudioVersion = 16.0.32126.315
MinimumVisualStudioVersion = 10.0.40219.1
Project("{FAE04EC0-301F-11D3-BF4B-00C04F79EFBC}") = "Panosen.CodeDom.Scss", "Panosen.CodeDom.Scss\Panosen.CodeDom.Scss.csproj", "{44903F69-819A-4194-9B12-741AD8089C5E}"
EndProject
Project("{FAE04EC0-301F-11D3-BF4B-00C04F79EFBC}") = "Panosen.CodeDom.Scss.Engine", "Panosen.CodeDom.Scss.Engine\Panosen.CodeDom.Scss.Engine.csproj", "{0A9FA5AA-5B93-4757-AE48-9D63161F9698}"
EndProject
Project("{FAE04EC0-301F-11D3-BF4B-00C04F79EFBC}") = "Panosen.CodeDom.Scss.Engine.MSTest", "Panosen.CodeDom.Scss.Engine.MSTest\Panosen.CodeDom.Scss.Engine.MSTest.csproj", "{D51AEE71-5CD8-4A95-AF57-0B8A1AC4DAD9}"
EndProject
Global
	GlobalSection(SolutionConfigurationPlatforms) = preSolution
		Debug|Any CPU = Debug|Any CPU
		Release|Any CPU = Release|Any CPU
	EndGlobalSection
	GlobalSection(ProjectConfigurationPlatforms) = postSolution
		{44903F69-819A-4194-9B12-741AD8089C5E}.Debug|Any CPU.ActiveCfg = Debug|Any CPU
		{44903F69-819A-4194-9B12-741AD8089C5E}.Debug|Any CPU.Build.0 = Debug|Any CPU
		{44903F69-819A-4194-9B12-741AD8089C5E}.Release|Any CPU.ActiveCfg = Release|Any CPU
		{44903F69-819A-4194-9B12-741AD8089C5E}.Release|Any CPU.Build.0 = Release|Any CPU
		{0A9FA5AA-5B93-4757-AE48-9D63161F9698}.Debug|Any CPU.ActiveCfg = Debug|Any CPU
		{0A9FA5AA-5B93-4757-AE48-9D63161F9698}.Debug|Any CPU.Build.0 = Debug|Any CPU
		{0A9FA5AA-5B93-4757-AE48-9D63161F9698}.Release|Any CPU.ActiveCfg = Release|Any CPU
		{0A9FA5AA-5B93-4757-AE48-9D63161F9698}.Release|Any CPU.Build.0 = Release|Any CPU
		{D51AEE71-5CD8-4A95-AF57-0B8A1AC4DAD9}.Debug|Any CPU.ActiveCfg = Debug|Any CPU
		{D51AEE71-5CD8-4A95-AF57-0B8A1AC4DAD9}.Debug|Any CPU.Build.0 = Debug|Any CPU
		{D51AEE71-5CD8-4A95-AF57-0B8A1AC4DAD9}.Release|Any CPU.ActiveCfg = Release|Any CPU
		{D51AEE71-5CD8-4A95-AF57-0B8A1AC4DAD9}.Release|Any CPU.Build.0 = Release|Any CPU
	EndGlobalSection
	GlobalSection(SolutionProperties) = preSolution
		HideSolutionNode = FALSE
	EndGlobalSection
	GlobalSection(ExtensibilityGlobals) = postSolution
		SolutionGuid = {4F9F7AF0-B232-4BF1-A614-D611AEBF13F2}
	EndGlobalSection
EndGlobal
